
Microsoft Visual Studio Solution File, Format Version 12.00
# Visual Studio 15
VisualStudioVersion = 15.0.28307.271
MinimumVisualStudioVersion = 10.0.40219.1
Project("{8BC9CEB8-8B4A-11D0-8D11-00A0C91BC942}") = "Client", "Client\Client.vcxproj", "{3B58106A-E86F-4BFF-8F59-26E7E309DB6C}"
EndProject
Project("{8BC9CEB8-8B4A-11D0-8D11-00A0C91BC942}") = "Server", "Server\Server.vcxproj", "{28794522-9A4E-4B50-A296-A73784DBD825}"
EndProject
Global
	GlobalSection(SolutionConfigurationPlatforms) = preSolution
		Debug|x64 = Debug|x64
		Debug|x86 = Debug|x86
		Release|x64 = Release|x64
		Release|x86 = Release|x86
	EndGlobalSection
	GlobalSection(ProjectConfigurationPlatforms) = postSolution
		{3B58106A-E86F-4BFF-8F59-26E7E309DB6C}.Debug|x64.ActiveCfg = Debug|x64
		{3B58106A-E86F-4BFF-8F59-26E7E309DB6C}.Debug|x64.Build.0 = Debug|x64
		{3B58106A-E86F-4BFF-8F59-26E7E309DB6C}.Debug|x86.ActiveCfg = Debug|Win32
		{3B58106A-E86F-4BFF-8F59-26E7E309DB6C}.Debug|x86.Build.0 = Debug|Win32
		{3B58106A-E86F-4BFF-8F59-26E7E309DB6C}.Release|x64.ActiveCfg = Release|x64
		{3B58106A-E86F-4BFF-8F59-26E7E309DB6C}.Release|x64.Build.0 = Release|x64
		{3B58106A-E86F-4BFF-8F59-26E7E309DB6C}.Release|x86.ActiveCfg = Release|Win32
		{3B58106A-E86F-4BFF-8F59-26E7E309DB6C}.Release|x86.Build.0 = Release|Win32
		{28794522-9A4E-4B50-A296-A73784DBD825}.Debug|x64.ActiveCfg = Debug|x64
		{28794522-9A4E-4B50-A296-A73784DBD825}.Debug|x64.Build.0 = Debug|x64
		{28794522-9A4E-4B50-A296-A73784DBD825}.Debug|x86.ActiveCfg = Debug|Win32
		{28794522-9A4E-4B50-A296-A73784DBD825}.Debug|x86.Build.0 = Debug|Win32
		{28794522-9A4E-4B50-A296-A73784DBD825}.Release|x64.ActiveCfg = Release|x64
		{28794522-9A4E-4B50-A296-A73784DBD825}.Release|x64.Build.0 = Release|x64
		{28794522-9A4E-4B50-A296-A73784DBD825}.Release|x86.ActiveCfg = Release|Win32
		{28794522-9A4E-4B50-A296-A73784DBD825}.Release|x86.Build.0 = Release|Win32
	EndGlobalSection
	GlobalSection(SolutionProperties) = preSolution
		HideSolutionNode = FALSE
	EndGlobalSection
	GlobalSection(ExtensibilityGlobals) = postSolution
		SolutionGuid = {921BDD60-0CBE-4DDF-83CD-D1DCF5DF0F0B}
	EndGlobalSection
EndGlobal
